// !$*UTF8*$!
{
	archiveVersion = 1;
	classes = {
	};
	objectVersion = 46;
	objects = {

/* Begin PBXBuildFile section */
		2C9E635219F08B1300D552A6 /* RootTableViewController.m in Sources */ = {isa = PBXBuildFile; fileRef = 2C9E635119F08B1300D552A6 /* RootTableViewController.m */; };
		2C9E635519F08B3000D552A6 /* SecondTableViewController.m in Sources */ = {isa = PBXBuildFile; fileRef = 2C9E635419F08B3000D552A6 /* SecondTableViewController.m */; };
		2C9E635C19F09FA800D552A6 /* Aguascalientes.png in Resources */ = {isa = PBXBuildFile; fileRef = 2C9E635719F09FA800D552A6 /* Aguascalientes.png */; };
		2C9E635D19F09FA800D552A6 /* Jalisco.png in Resources */ = {isa = PBXBuildFile; fileRef = 2C9E635819F09FA800D552A6 /* Jalisco.png */; };
		2C9E635E19F09FA800D552A6 /* Nayarit.png in Resources */ = {isa = PBXBuildFile; fileRef = 2C9E635919F09FA800D552A6 /* Nayarit.png */; };
		2C9E635F19F09FA800D552A6 /* Sinaloa.png in Resources */ = {isa = PBXBuildFile; fileRef = 2C9E635A19F09FA800D552A6 /* Sinaloa.png */; };
		2C9E636019F09FA800D552A6 /* Veracruz.png in Resources */ = {isa = PBXBuildFile; fileRef = 2C9E635B19F09FA800D552A6 /* Veracruz.png */; };
		2C9E636419F0A9D300D552A6 /* ViewController.m in Sources */ = {isa = PBXBuildFile; fileRef = 2C9E636319F0A9D300D552A6 /* ViewController.m */; };
		2CA21E1C19EF59F200C160CC /* Foundation.framework in Frameworks */ = {isa = PBXBuildFile; fileRef = 2CA21E1B19EF59F200C160CC /* Foundation.framework */; };
		2CA21E1E19EF59F200C160CC /* CoreGraphics.framework in Frameworks */ = {isa = PBXBuildFile; fileRef = 2CA21E1D19EF59F200C160CC /* CoreGraphics.framework */; };
		2CA21E2019EF59F200C160CC /* UIKit.framework in Frameworks */ = {isa = PBXBuildFile; fileRef = 2CA21E1F19EF59F200C160CC /* UIKit.framework */; };
		2CA21E2619EF59F300C160CC /* InfoPlist.strings in Resources */ = {isa = PBXBuildFile; fileRef = 2CA21E2419EF59F300C160CC /* InfoPlist.strings */; };
		2CA21E2819EF59F300C160CC /* main.m in Sources */ = {isa = PBXBuildFile; fileRef = 2CA21E2719EF59F300C160CC /* main.m */; };
		2CA21E2C19EF59F300C160CC /* AppDelegate.m in Sources */ = {isa = PBXBuildFile; fileRef = 2CA21E2B19EF59F300C160CC /* AppDelegate.m */; };
		2CA21E2F19EF59F300C160CC /* Main.storyboard in Resources */ = {isa = PBXBuildFile; fileRef = 2CA21E2D19EF59F300C160CC /* Main.storyboard */; };
		2CA21E3419EF59F300C160CC /* Images.xcassets in Resources */ = {isa = PBXBuildFile; fileRef = 2CA21E3319EF59F300C160CC /* Images.xcassets */; };
		2CA21E3B19EF59F300C160CC /* XCTest.framework in Frameworks */ = {isa = PBXBuildFile; fileRef = 2CA21E3A19EF59F300C160CC /* XCTest.framework */; };
		2CA21E3C19EF59F300C160CC /* Foundation.framework in Frameworks */ = {isa = PBXBuildFile; fileRef = 2CA21E1B19EF59F200C160CC /* Foundation.framework */; };
		2CA21E3D19EF59F300C160CC /* UIKit.framework in Frameworks */ = {isa = PBXBuildFile; fileRef = 2CA21E1F19EF59F200C160CC /* UIKit.framework */; };
		2CA21E4519EF59F300C160CC /* InfoPlist.strings in Resources */ = {isa = PBXBuildFile; fileRef = 2CA21E4319EF59F300C160CC /* InfoPlist.strings */; };
		2CA21E4719EF59F300C160CC /* Practica2Tests.m in Sources */ = {isa = PBXBuildFile; fileRef = 2CA21E4619EF59F300C160CC /* Practica2Tests.m */; };
		2CA4C93519F1E00800A663BD /* Hugo.jpg in Resources */ = {isa = PBXBuildFile; fileRef = 2CA4C92A19F1E00800A663BD /* Hugo.jpg */; };
		2CA4C93619F1E00800A663BD /* Ivan.jpg in Resources */ = {isa = PBXBuildFile; fileRef = 2CA4C92B19F1E00800A663BD /* Ivan.jpg */; };
		2CA4C93719F1E00800A663BD /* Juan.jpg in Resources */ = {isa = PBXBuildFile; fileRef = 2CA4C92C19F1E00800A663BD /* Juan.jpg */; };
		2CA4C93819F1E00800A663BD /* Lupe.jpg in Resources */ = {isa = PBXBuildFile; fileRef = 2CA4C92D19F1E00800A663BD /* Lupe.jpg */; };
		2CA4C93919F1E00800A663BD /* Abel.jpg in Resources */ = {isa = PBXBuildFile; fileRef = 2CA4C92F19F1E00800A663BD /* Abel.jpg */; };
		2CA4C93A19F1E00800A663BD /* Beto.jpg in Resources */ = {isa = PBXBuildFile; fileRef = 2CA4C93019F1E00800A663BD /* Beto.jpg */; };
		2CA4C93B19F1E00800A663BD /* Carlos.jpg in Resources */ = {isa = PBXBuildFile; fileRef = 2CA4C93119F1E00800A663BD /* Carlos.jpg */; };
		2CA4C93C19F1E00800A663BD /* Daniel.jpg in Resources */ = {isa = PBXBuildFile; fileRef = 2CA4C93219F1E00800A663BD /* Daniel.jpg */; };
		2CA4C93D19F1E00800A663BD /* Esteban.jpg in Resources */ = {isa = PBXBuildFile; fileRef = 2CA4C93319F1E00800A663BD /* Esteban.jpg */; };
		2CA4C93E19F1E00800A663BD /* Fernando.jpg in Resources */ = {isa = PBXBuildFile; fileRef = 2CA4C93419F1E00800A663BD /* Fernando.jpg */; };
		2CA4C94119F1E26C00A663BD /* AmigosTableViewController.m in Sources */ = {isa = PBXBuildFile; fileRef = 2CA4C94019F1E26C00A663BD /* AmigosTableViewController.m */; };
		2CA4C94719F1E80500A663BD /* TrabajoTableViewController.m in Sources */ = {isa = PBXBuildFile; fileRef = 2CA4C94619F1E80500A663BD /* TrabajoTableViewController.m */; };
		2CC41A8C19F1F4430078AB41 /* AmigosTableViewCell.m in Sources */ = {isa = PBXBuildFile; fileRef = 2CC41A8B19F1F4430078AB41 /* AmigosTableViewCell.m */; };
		2CC41A8F19F1FD170078AB41 /* TrabajoTableViewCell.m in Sources */ = {isa = PBXBuildFile; fileRef = 2CC41A8E19F1FD170078AB41 /* TrabajoTableViewCell.m */; };
/* End PBXBuildFile section */

/* Begin PBXContainerItemProxy section */
		2CA21E3E19EF59F300C160CC /* PBXContainerItemProxy */ = {
			isa = PBXContainerItemProxy;
			containerPortal = 2CA21E1019EF59F200C160CC /* Project object */;
			proxyType = 1;
			remoteGlobalIDString = 2CA21E1719EF59F200C160CC;
			remoteInfo = Practica2;
		};
/* End PBXContainerItemProxy section */

/* Begin PBXFileReference section */
		2C9E635019F08B1300D552A6 /* RootTableViewController.h */ = {isa = PBXFileReference; fileEncoding = 4; lastKnownFileType = sourcecode.c.h; path = RootTableViewController.h; sourceTree = "<group>"; };
		2C9E635119F08B1300D552A6 /* RootTableViewController.m */ = {isa = PBXFileReference; fileEncoding = 4; lastKnownFileType = sourcecode.c.objc; path = RootTableViewController.m; sourceTree = "<group>"; };
		2C9E635319F08B3000D552A6 /* SecondTableViewController.h */ = {isa = PBXFileReference; fileEncoding = 4; lastKnownFileType = sourcecode.c.h; path = SecondTableViewController.h; sourceTree = "<group>"; };
		2C9E635419F08B3000D552A6 /* SecondTableViewController.m */ = {isa = PBXFileReference; fileEncoding = 4; lastKnownFileType = sourcecode.c.objc; path = SecondTableViewController.m; sourceTree = "<group>"; };
		2C9E635719F09FA800D552A6 /* Aguascalientes.png */ = {isa = PBXFileReference; lastKnownFileType = image.png; path = Aguascalientes.png; sourceTree = "<group>"; };
		2C9E635819F09FA800D552A6 /* Jalisco.png */ = {isa = PBXFileReference; lastKnownFileType = image.png; path = Jalisco.png; sourceTree = "<group>"; };
		2C9E635919F09FA800D552A6 /* Nayarit.png */ = {isa = PBXFileReference; lastKnownFileType = image.png; path = Nayarit.png; sourceTree = "<group>"; };
		2C9E635A19F09FA800D552A6 /* Sinaloa.png */ = {isa = PBXFileReference; lastKnownFileType = image.png; path = Sinaloa.png; sourceTree = "<group>"; };
		2C9E635B19F09FA800D552A6 /* Veracruz.png */ = {isa = PBXFileReference; lastKnownFileType = image.png; path = Veracruz.png; sourceTree = "<group>"; };
		2C9E636219F0A9D300D552A6 /* ViewController.h */ = {isa = PBXFileReference; fileEncoding = 4; lastKnownFileType = sourcecode.c.h; path = ViewController.h; sourceTree = "<group>"; };
		2C9E636319F0A9D300D552A6 /* ViewController.m */ = {isa = PBXFileReference; fileEncoding = 4; lastKnownFileType = sourcecode.c.objc; path = ViewController.m; sourceTree = "<group>"; };
		2CA21E1819EF59F200C160CC /* Practica2.app */ = {isa = PBXFileReference; explicitFileType = wrapper.application; includeInIndex = 0; path = Practica2.app; sourceTree = BUILT_PRODUCTS_DIR; };
		2CA21E1B19EF59F200C160CC /* Foundation.framework */ = {isa = PBXFileReference; lastKnownFileType = wrapper.framework; name = Foundation.framework; path = System/Library/Frameworks/Foundation.framework; sourceTree = SDKROOT; };
		2CA21E1D19EF59F200C160CC /* CoreGraphics.framework */ = {isa = PBXFileReference; lastKnownFileType = wrapper.framework; name = CoreGraphics.framework; path = System/Library/Frameworks/CoreGraphics.framework; sourceTree = SDKROOT; };
		2CA21E1F19EF59F200C160CC /* UIKit.framework */ = {isa = PBXFileReference; lastKnownFileType = wrapper.framework; name = UIKit.framework; path = System/Library/Frameworks/UIKit.framework; sourceTree = SDKROOT; };
		2CA21E2319EF59F300C160CC /* Practica2-Info.plist */ = {isa = PBXFileReference; lastKnownFileType = text.plist.xml; path = "Practica2-Info.plist"; sourceTree = "<group>"; };
		2CA21E2519EF59F300C160CC /* en */ = {isa = PBXFileReference; lastKnownFileType = text.plist.strings; name = en; path = en.lproj/InfoPlist.strings; sourceTree = "<group>"; };
		2CA21E2719EF59F300C160CC /* main.m */ = {isa = PBXFileReference; lastKnownFileType = sourcecode.c.objc; path = main.m; sourceTree = "<group>"; };
		2CA21E2919EF59F300C160CC /* Practica2-Prefix.pch */ = {isa = PBXFileReference; lastKnownFileType = sourcecode.c.h; path = "Practica2-Prefix.pch"; sourceTree = "<group>"; };
		2CA21E2A19EF59F300C160CC /* AppDelegate.h */ = {isa = PBXFileReference; lastKnownFileType = sourcecode.c.h; path = AppDelegate.h; sourceTree = "<group>"; };
		2CA21E2B19EF59F300C160CC /* AppDelegate.m */ = {isa = PBXFileReference; lastKnownFileType = sourcecode.c.objc; path = AppDelegate.m; sourceTree = "<group>"; };
		2CA21E2E19EF59F300C160CC /* Base */ = {isa = PBXFileReference; lastKnownFileType = file.storyboard; name = Base; path = Base.lproj/Main.storyboard; sourceTree = "<group>"; };
		2CA21E3319EF59F300C160CC /* Images.xcassets */ = {isa = PBXFileReference; lastKnownFileType = folder.assetcatalog; path = Images.xcassets; sourceTree = "<group>"; };
		2CA21E3919EF59F300C160CC /* Practica2Tests.xctest */ = {isa = PBXFileReference; explicitFileType = wrapper.cfbundle; includeInIndex = 0; path = Practica2Tests.xctest; sourceTree = BUILT_PRODUCTS_DIR; };
		2CA21E3A19EF59F300C160CC /* XCTest.framework */ = {isa = PBXFileReference; lastKnownFileType = wrapper.framework; name = XCTest.framework; path = Library/Frameworks/XCTest.framework; sourceTree = DEVELOPER_DIR; };
		2CA21E4219EF59F300C160CC /* Practica2Tests-Info.plist */ = {isa = PBXFileReference; lastKnownFileType = text.plist.xml; path = "Practica2Tests-Info.plist"; sourceTree = "<group>"; };
		2CA21E4419EF59F300C160CC /* en */ = {isa = PBXFileReference; lastKnownFileType = text.plist.strings; name = en; path = en.lproj/InfoPlist.strings; sourceTree = "<group>"; };
		2CA21E4619EF59F300C160CC /* Practica2Tests.m */ = {isa = PBXFileReference; lastKnownFileType = sourcecode.c.objc; path = Practica2Tests.m; sourceTree = "<group>"; };
		2CA4C92A19F1E00800A663BD /* Hugo.jpg */ = {isa = PBXFileReference; lastKnownFileType = image.jpeg; path = Hugo.jpg; sourceTree = "<group>"; };
		2CA4C92B19F1E00800A663BD /* Ivan.jpg */ = {isa = PBXFileReference; lastKnownFileType = image.jpeg; path = Ivan.jpg; sourceTree = "<group>"; };
		2CA4C92C19F1E00800A663BD /* Juan.jpg */ = {isa = PBXFileReference; lastKnownFileType = image.jpeg; path = Juan.jpg; sourceTree = "<group>"; };
		2CA4C92D19F1E00800A663BD /* Lupe.jpg */ = {isa = PBXFileReference; lastKnownFileType = image.jpeg; path = Lupe.jpg; sourceTree = "<group>"; };
		2CA4C92F19F1E00800A663BD /* Abel.jpg */ = {isa = PBXFileReference; lastKnownFileType = image.jpeg; path = Abel.jpg; sourceTree = "<group>"; };
		2CA4C93019F1E00800A663BD /* Beto.jpg */ = {isa = PBXFileReference; lastKnownFileType = image.jpeg; path = Beto.jpg; sourceTree = "<group>"; };
		2CA4C93119F1E00800A663BD /* Carlos.jpg */ = {isa = PBXFileReference; lastKnownFileType = image.jpeg; path = Carlos.jpg; sourceTree = "<group>"; };
		2CA4C93219F1E00800A663BD /* Daniel.jpg */ = {isa = PBXFileReference; lastKnownFileType = image.jpeg; path = Daniel.jpg; sourceTree = "<group>"; };
		2CA4C93319F1E00800A663BD /* Esteban.jpg */ = {isa = PBXFileReference; lastKnownFileType = image.jpeg; path = Esteban.jpg; sourceTree = "<group>"; };
		2CA4C93419F1E00800A663BD /* Fernando.jpg */ = {isa = PBXFileReference; lastKnownFileType = image.jpeg; path = Fernando.jpg; sourceTree = "<group>"; };
		2CA4C93F19F1E26C00A663BD /* AmigosTableViewController.h */ = {isa = PBXFileReference; fileEncoding = 4; lastKnownFileType = sourcecode.c.h; path = AmigosTableViewController.h; sourceTree = "<group>"; };
		2CA4C94019F1E26C00A663BD /* AmigosTableViewController.m */ = {isa = PBXFileReference; fileEncoding = 4; lastKnownFileType = sourcecode.c.objc; path = AmigosTableViewController.m; sourceTree = "<group>"; };
		2CA4C94519F1E80500A663BD /* TrabajoTableViewController.h */ = {isa = PBXFileReference; fileEncoding = 4; lastKnownFileType = sourcecode.c.h; path = TrabajoTableViewController.h; sourceTree = "<group>"; };
		2CA4C94619F1E80500A663BD /* TrabajoTableViewController.m */ = {isa = PBXFileReference; fileEncoding = 4; lastKnownFileType = sourcecode.c.objc; path = TrabajoTableViewController.m; sourceTree = "<group>"; };
		2CC41A8A19F1F4430078AB41 /* AmigosTableViewCell.h */ = {isa = PBXFileReference; fileEncoding = 4; lastKnownFileType = sourcecode.c.h; path = AmigosTableViewCell.h; sourceTree = "<group>"; };
		2CC41A8B19F1F4430078AB41 /* AmigosTableViewCell.m */ = {isa = PBXFileReference; fileEncoding = 4; lastKnownFileType = sourcecode.c.objc; path = AmigosTableViewCell.m; sourceTree = "<group>"; };
		2CC41A8D19F1FD170078AB41 /* TrabajoTableViewCell.h */ = {isa = PBXFileReference; fileEncoding = 4; lastKnownFileType = sourcecode.c.h; path = TrabajoTableViewCell.h; sourceTree = "<group>"; };
		2CC41A8E19F1FD170078AB41 /* TrabajoTableViewCell.m */ = {isa = PBXFileReference; fileEncoding = 4; lastKnownFileType = sourcecode.c.objc; path = TrabajoTableViewCell.m; sourceTree = "<group>"; };
/* End PBXFileReference section */

/* Begin PBXFrameworksBuildPhase section */
		2CA21E1519EF59F200C160CC /* Frameworks */ = {
			isa = PBXFrameworksBuildPhase;
			buildActionMask = 2147483647;
			files = (
				2CA21E1E19EF59F200C160CC /* CoreGraphics.framework in Frameworks */,
				2CA21E2019EF59F200C160CC /* UIKit.framework in Frameworks */,
				2CA21E1C19EF59F200C160CC /* Foundation.framework in Frameworks */,
			);
			runOnlyForDeploymentPostprocessing = 0;
		};
		2CA21E3619EF59F300C160CC /* Frameworks */ = {
			isa = PBXFrameworksBuildPhase;
			buildActionMask = 2147483647;
			files = (
				2CA21E3B19EF59F300C160CC /* XCTest.framework in Frameworks */,
				2CA21E3D19EF59F300C160CC /* UIKit.framework in Frameworks */,
				2CA21E3C19EF59F300C160CC /* Foundation.framework in Frameworks */,
			);
			runOnlyForDeploymentPostprocessing = 0;
		};
/* End PBXFrameworksBuildPhase section */

/* Begin PBXGroup section */
		2C9E635619F09FA800D552A6 /* Escudo_Estados */ = {
			isa = PBXGroup;
			children = (
				2C9E635719F09FA800D552A6 /* Aguascalientes.png */,
				2C9E635819F09FA800D552A6 /* Jalisco.png */,
				2C9E635919F09FA800D552A6 /* Nayarit.png */,
				2C9E635A19F09FA800D552A6 /* Sinaloa.png */,
				2C9E635B19F09FA800D552A6 /* Veracruz.png */,
			);
			path = Escudo_Estados;
			sourceTree = "<group>";
		};
		2C9E636119F09FAF00D552A6 /* Imagenes */ = {
			isa = PBXGroup;
			children = (
				2CA4C92819F1E00800A663BD /* Amigos */,
				2C9E635619F09FA800D552A6 /* Escudo_Estados */,
			);
			name = Imagenes;
			sourceTree = "<group>";
		};
		2CA21E0F19EF59F200C160CC = {
			isa = PBXGroup;
			children = (
				2CA21E2119EF59F300C160CC /* Practica2 */,
				2CA21E4019EF59F300C160CC /* Practica2Tests */,
				2CA21E1A19EF59F200C160CC /* Frameworks */,
				2CA21E1919EF59F200C160CC /* Products */,
			);
			sourceTree = "<group>";
		};
		2CA21E1919EF59F200C160CC /* Products */ = {
			isa = PBXGroup;
			children = (
				2CA21E1819EF59F200C160CC /* Practica2.app */,
				2CA21E3919EF59F300C160CC /* Practica2Tests.xctest */,
			);
			name = Products;
			sourceTree = "<group>";
		};
		2CA21E1A19EF59F200C160CC /* Frameworks */ = {
			isa = PBXGroup;
			children = (
				2CA21E1B19EF59F200C160CC /* Foundation.framework */,
				2CA21E1D19EF59F200C160CC /* CoreGraphics.framework */,
				2CA21E1F19EF59F200C160CC /* UIKit.framework */,
				2CA21E3A19EF59F300C160CC /* XCTest.framework */,
			);
			name = Frameworks;
			sourceTree = "<group>";
		};
		2CA21E2119EF59F300C160CC /* Practica2 */ = {
			isa = PBXGroup;
			children = (
				2C9E636219F0A9D300D552A6 /* ViewController.h */,
				2C9E636319F0A9D300D552A6 /* ViewController.m */,
				2CA21E2A19EF59F300C160CC /* AppDelegate.h */,
				2CA21E2B19EF59F300C160CC /* AppDelegate.m */,
				2CA21E2D19EF59F300C160CC /* Main.storyboard */,
				2CA21E3319EF59F300C160CC /* Images.xcassets */,
				2C9E635019F08B1300D552A6 /* RootTableViewController.h */,
				2C9E635119F08B1300D552A6 /* RootTableViewController.m */,
				2C9E635319F08B3000D552A6 /* SecondTableViewController.h */,
				2C9E635419F08B3000D552A6 /* SecondTableViewController.m */,
				2CA4C93F19F1E26C00A663BD /* AmigosTableViewController.h */,
				2CA4C94019F1E26C00A663BD /* AmigosTableViewController.m */,
				2CC41A8A19F1F4430078AB41 /* AmigosTableViewCell.h */,
				2CC41A8B19F1F4430078AB41 /* AmigosTableViewCell.m */,
				2CA4C94519F1E80500A663BD /* TrabajoTableViewController.h */,
				2CA4C94619F1E80500A663BD /* TrabajoTableViewController.m */,
				2CC41A8D19F1FD170078AB41 /* TrabajoTableViewCell.h */,
				2CC41A8E19F1FD170078AB41 /* TrabajoTableViewCell.m */,
				2CA21E2219EF59F300C160CC /* Supporting Files */,
			);
			path = Practica2;
			sourceTree = "<group>";
		};
		2CA21E2219EF59F300C160CC /* Supporting Files */ = {
			isa = PBXGroup;
			children = (
				2C9E636119F09FAF00D552A6 /* Imagenes */,
				2CA21E2319EF59F300C160CC /* Practica2-Info.plist */,
				2CA21E2419EF59F300C160CC /* InfoPlist.strings */,
				2CA21E2719EF59F300C160CC /* main.m */,
				2CA21E2919EF59F300C160CC /* Practica2-Prefix.pch */,
			);
			name = "Supporting Files";
			sourceTree = "<group>";
		};
		2CA21E4019EF59F300C160CC /* Practica2Tests */ = {
			isa = PBXGroup;
			children = (
				2CA21E4619EF59F300C160CC /* Practica2Tests.m */,
				2CA21E4119EF59F300C160CC /* Supporting Files */,
			);
			path = Practica2Tests;
			sourceTree = "<group>";
		};
		2CA21E4119EF59F300C160CC /* Supporting Files */ = {
			isa = PBXGroup;
			children = (
				2CA21E4219EF59F300C160CC /* Practica2Tests-Info.plist */,
				2CA21E4319EF59F300C160CC /* InfoPlist.strings */,
			);
			name = "Supporting Files";
			sourceTree = "<group>";
		};
		2CA4C92819F1E00800A663BD /* Amigos */ = {
			isa = PBXGroup;
			children = (
				2CA4C92919F1E00800A663BD /* Amigos */,
				2CA4C92E19F1E00800A663BD /* Trabajo */,
			);
			path = Amigos;
			sourceTree = "<group>";
		};
		2CA4C92919F1E00800A663BD /* Amigos */ = {
			isa = PBXGroup;
			children = (
				2CA4C92A19F1E00800A663BD /* Hugo.jpg */,
				2CA4C92B19F1E00800A663BD /* Ivan.jpg */,
				2CA4C92C19F1E00800A663BD /* Juan.jpg */,
				2CA4C92D19F1E00800A663BD /* Lupe.jpg */,
			);
			path = Amigos;
			sourceTree = "<group>";
		};
		2CA4C92E19F1E00800A663BD /* Trabajo */ = {
			isa = PBXGroup;
			children = (
				2CA4C92F19F1E00800A663BD /* Abel.jpg */,
				2CA4C93019F1E00800A663BD /* Beto.jpg */,
				2CA4C93119F1E00800A663BD /* Carlos.jpg */,
				2CA4C93219F1E00800A663BD /* Daniel.jpg */,
				2CA4C93319F1E00800A663BD /* Esteban.jpg */,
				2CA4C93419F1E00800A663BD /* Fernando.jpg */,
			);
			path = Trabajo;
			sourceTree = "<group>";
		};
/* End PBXGroup section */

/* Begin PBXNativeTarget section */
		2CA21E1719EF59F200C160CC /* Practica2 */ = {
			isa = PBXNativeTarget;
			buildConfigurationList = 2CA21E4A19EF59F300C160CC /* Build configuration list for PBXNativeTarget "Practica2" */;
			buildPhases = (
				2CA21E1419EF59F200C160CC /* Sources */,
				2CA21E1519EF59F200C160CC /* Frameworks */,
				2CA21E1619EF59F200C160CC /* Resources */,
			);
			buildRules = (
			);
			dependencies = (
			);
			name = Practica2;
			productName = Practica2;
			productReference = 2CA21E1819EF59F200C160CC /* Practica2.app */;
			productType = "com.apple.product-type.application";
		};
		2CA21E3819EF59F300C160CC /* Practica2Tests */ = {
			isa = PBXNativeTarget;
			buildConfigurationList = 2CA21E4D19EF59F300C160CC /* Build configuration list for PBXNativeTarget "Practica2Tests" */;
			buildPhases = (
				2CA21E3519EF59F300C160CC /* Sources */,
				2CA21E3619EF59F300C160CC /* Frameworks */,
				2CA21E3719EF59F300C160CC /* Resources */,
			);
			buildRules = (
			);
			dependencies = (
				2CA21E3F19EF59F300C160CC /* PBXTargetDependency */,
			);
			name = Practica2Tests;
			productName = Practica2Tests;
			productReference = 2CA21E3919EF59F300C160CC /* Practica2Tests.xctest */;
			productType = "com.apple.product-type.bundle.unit-test";
		};
/* End PBXNativeTarget section */

/* Begin PBXProject section */
		2CA21E1019EF59F200C160CC /* Project object */ = {
			isa = PBXProject;
			attributes = {
				LastUpgradeCheck = 0510;
				ORGANIZATIONNAME = Patito;
				TargetAttributes = {
					2CA21E3819EF59F300C160CC = {
						TestTargetID = 2CA21E1719EF59F200C160CC;
					};
				};
			};
			buildConfigurationList = 2CA21E1319EF59F200C160CC /* Build configuration list for PBXProject "Practica2" */;
			compatibilityVersion = "Xcode 3.2";
			developmentRegion = English;
			hasScannedForEncodings = 0;
			knownRegions = (
				en,
				Base,
			);
			mainGroup = 2CA21E0F19EF59F200C160CC;
			productRefGroup = 2CA21E1919EF59F200C160CC /* Products */;
			projectDirPath = "";
			projectRoot = "";
			targets = (
				2CA21E1719EF59F200C160CC /* Practica2 */,
				2CA21E3819EF59F300C160CC /* Practica2Tests */,
			);
		};
/* End PBXProject section */

/* Begin PBXResourcesBuildPhase section */
		2CA21E1619EF59F200C160CC /* Resources */ = {
			isa = PBXResourcesBuildPhase;
			buildActionMask = 2147483647;
			files = (
				2CA21E3419EF59F300C160CC /* Images.xcassets in Resources */,
				2CA4C93A19F1E00800A663BD /* Beto.jpg in Resources */,
				2CA4C93719F1E00800A663BD /* Juan.jpg in Resources */,
				2C9E636019F09FA800D552A6 /* Veracruz.png in Resources */,
				2CA4C93E19F1E00800A663BD /* Fernando.jpg in Resources */,
				2CA4C93519F1E00800A663BD /* Hugo.jpg in Resources */,
				2CA21E2619EF59F300C160CC /* InfoPlist.strings in Resources */,
				2CA4C93C19F1E00800A663BD /* Daniel.jpg in Resources */,
				2CA4C93D19F1E00800A663BD /* Esteban.jpg in Resources */,
				2CA4C93819F1E00800A663BD /* Lupe.jpg in Resources */,
				2C9E635C19F09FA800D552A6 /* Aguascalientes.png in Resources */,
				2CA21E2F19EF59F300C160CC /* Main.storyboard in Resources */,
				2C9E635E19F09FA800D552A6 /* Nayarit.png in Resources */,
				2CA4C93619F1E00800A663BD /* Ivan.jpg in Resources */,
				2CA4C93919F1E00800A663BD /* Abel.jpg in Resources */,
				2CA4C93B19F1E00800A663BD /* Carlos.jpg in Resources */,
				2C9E635F19F09FA800D552A6 /* Sinaloa.png in Resources */,
				2C9E635D19F09FA800D552A6 /* Jalisco.png in Resources */,
			);
			runOnlyForDeploymentPostprocessing = 0;
		};
		2CA21E3719EF59F300C160CC /* Resources */ = {
			isa = PBXResourcesBuildPhase;
			buildActionMask = 2147483647;
			files = (
				2CA21E4519EF59F300C160CC /* InfoPlist.strings in Resources */,
			);
			runOnlyForDeploymentPostprocessing = 0;
		};
/* End PBXResourcesBuildPhase section */

/* Begin PBXSourcesBuildPhase section */
		2CA21E1419EF59F200C160CC /* Sources */ = {
			isa = PBXSourcesBuildPhase;
			buildActionMask = 2147483647;
			files = (
				2C9E635219F08B1300D552A6 /* RootTableViewController.m in Sources */,
				2CA4C94719F1E80500A663BD /* TrabajoTableViewController.m in Sources */,
				2CA21E2C19EF59F300C160CC /* AppDelegate.m in Sources */,
				2CC41A8C19F1F4430078AB41 /* AmigosTableViewCell.m in Sources */,
				2CA4C94119F1E26C00A663BD /* AmigosTableViewController.m in Sources */,
				2CA21E2819EF59F300C160CC /* main.m in Sources */,
				2C9E635519F08B3000D552A6 /* SecondTableViewController.m in Sources */,
				2C9E636419F0A9D300D552A6 /* ViewController.m in Sources */,
				2CC41A8F19F1FD170078AB41 /* TrabajoTableViewCell.m in Sources */,
			);
			runOnlyForDeploymentPostprocessing = 0;
		};
		2CA21E3519EF59F300C160CC /* Sources */ = {
			isa = PBXSourcesBuildPhase;
			buildActionMask = 2147483647;
			files = (
				2CA21E4719EF59F300C160CC /* Practica2Tests.m in Sources */,
			);
			runOnlyForDeploymentPostprocessing = 0;
		};
/* End PBXSourcesBuildPhase section */

/* Begin PBXTargetDependency section */
		2CA21E3F19EF59F300C160CC /* PBXTargetDependency */ = {
			isa = PBXTargetDependency;
			target = 2CA21E1719EF59F200C160CC /* Practica2 */;
			targetProxy = 2CA21E3E19EF59F300C160CC /* PBXContainerItemProxy */;
		};
/* End PBXTargetDependency section */

/* Begin PBXVariantGroup section */
		2CA21E2419EF59F300C160CC /* InfoPlist.strings */ = {
			isa = PBXVariantGroup;
			children = (
				2CA21E2519EF59F300C160CC /* en */,
			);
			name = InfoPlist.strings;
			sourceTree = "<group>";
		};
		2CA21E2D19EF59F300C160CC /* Main.storyboard */ = {
			isa = PBXVariantGroup;
			children = (
				2CA21E2E19EF59F300C160CC /* Base */,
			);
			name = Main.storyboard;
			sourceTree = "<group>";
		};
		2CA21E4319EF59F300C160CC /* InfoPlist.strings */ = {
			isa = PBXVariantGroup;
			children = (
				2CA21E4419EF59F300C160CC /* en */,
			);
			name = InfoPlist.strings;
			sourceTree = "<group>";
		};
/* End PBXVariantGroup section */

/* Begin XCBuildConfiguration section */
		2CA21E4819EF59F300C160CC /* Debug */ = {
			isa = XCBuildConfiguration;
			buildSettings = {
				ALWAYS_SEARCH_USER_PATHS = NO;
				CLANG_CXX_LANGUAGE_STANDARD = "gnu++0x";
				CLANG_CXX_LIBRARY = "libc++";
				CLANG_ENABLE_MODULES = YES;
				CLANG_ENABLE_OBJC_ARC = YES;
				CLANG_WARN_BOOL_CONVERSION = YES;
				CLANG_WARN_CONSTANT_CONVERSION = YES;
				CLANG_WARN_DIRECT_OBJC_ISA_USAGE = YES_ERROR;
				CLANG_WARN_EMPTY_BODY = YES;
				CLANG_WARN_ENUM_CONVERSION = YES;
				CLANG_WARN_INT_CONVERSION = YES;
				CLANG_WARN_OBJC_ROOT_CLASS = YES_ERROR;
				CLANG_WARN__DUPLICATE_METHOD_MATCH = YES;
				"CODE_SIGN_IDENTITY[sdk=iphoneos*]" = "iPhone Developer";
				COPY_PHASE_STRIP = NO;
				GCC_C_LANGUAGE_STANDARD = gnu99;
				GCC_DYNAMIC_NO_PIC = NO;
				GCC_OPTIMIZATION_LEVEL = 0;
				GCC_PREPROCESSOR_DEFINITIONS = (
					"DEBUG=1",
					"$(inherited)",
				);
				GCC_SYMBOLS_PRIVATE_EXTERN = NO;
				GCC_WARN_64_TO_32_BIT_CONVERSION = YES;
				GCC_WARN_ABOUT_RETURN_TYPE = YES_ERROR;
				GCC_WARN_UNDECLARED_SELECTOR = YES;
				GCC_WARN_UNINITIALIZED_AUTOS = YES_AGGRESSIVE;
				GCC_WARN_UNUSED_FUNCTION = YES;
				GCC_WARN_UNUSED_VARIABLE = YES;
				IPHONEOS_DEPLOYMENT_TARGET = 7.1;
				ONLY_ACTIVE_ARCH = YES;
				SDKROOT = iphoneos;
			};
			name = Debug;
		};
		2CA21E4919EF59F300C160CC /* Release */ = {
			isa = XCBuildConfiguration;
			buildSettings = {
				ALWAYS_SEARCH_USER_PATHS = NO;
				CLANG_CXX_LANGUAGE_STANDARD = "gnu++0x";
				CLANG_CXX_LIBRARY = "libc++";
				CLANG_ENABLE_MODULES = YES;
				CLANG_ENABLE_OBJC_ARC = YES;
				CLANG_WARN_BOOL_CONVERSION = YES;
				CLANG_WARN_CONSTANT_CONVERSION = YES;
				CLANG_WARN_DIRECT_OBJC_ISA_USAGE = YES_ERROR;
				CLANG_WARN_EMPTY_BODY = YES;
				CLANG_WARN_ENUM_CONVERSION = YES;
				CLANG_WARN_INT_CONVERSION = YES;
				CLANG_WARN_OBJC_ROOT_CLASS = YES_ERROR;
				CLANG_WARN__DUPLICATE_METHOD_MATCH = YES;
				"CODE_SIGN_IDENTITY[sdk=iphoneos*]" = "iPhone Developer";
				COPY_PHASE_STRIP = YES;
				ENABLE_NS_ASSERTIONS = NO;
				GCC_C_LANGUAGE_STANDARD = gnu99;
				GCC_WARN_64_TO_32_BIT_CONVERSION = YES;
				GCC_WARN_ABOUT_RETURN_TYPE = YES_ERROR;
				GCC_WARN_UNDECLARED_SELECTOR = YES;
				GCC_WARN_UNINITIALIZED_AUTOS = YES_AGGRESSIVE;
				GCC_WARN_UNUSED_FUNCTION = YES;
				GCC_WARN_UNUSED_VARIABLE = YES;
				IPHONEOS_DEPLOYMENT_TARGET = 7.1;
				SDKROOT = iphoneos;
				VALIDATE_PRODUCT = YES;
			};
			name = Release;
		};
		2CA21E4B19EF59F300C160CC /* Debug */ = {
			isa = XCBuildConfiguration;
			buildSettings = {
				ASSETCATALOG_COMPILER_APPICON_NAME = AppIcon;
				ASSETCATALOG_COMPILER_LAUNCHIMAGE_NAME = LaunchImage;
				GCC_PRECOMPILE_PREFIX_HEADER = YES;
				GCC_PREFIX_HEADER = "Practica2/Practica2-Prefix.pch";
				INFOPLIST_FILE = "Practica2/Practica2-Info.plist";
				IPHONEOS_DEPLOYMENT_TARGET = 6.0;
				PRODUCT_NAME = "$(TARGET_NAME)";
				WRAPPER_EXTENSION = app;
			};
			name = Debug;
		};
		2CA21E4C19EF59F300C160CC /* Release */ = {
			isa = XCBuildConfiguration;
			buildSettings = {
				ASSETCATALOG_COMPILER_APPICON_NAME = AppIcon;
				ASSETCATALOG_COMPILER_LAUNCHIMAGE_NAME = LaunchImage;
				GCC_PRECOMPILE_PREFIX_HEADER = YES;
				GCC_PREFIX_HEADER = "Practica2/Practica2-Prefix.pch";
				INFOPLIST_FILE = "Practica2/Practica2-Info.plist";
				IPHONEOS_DEPLOYMENT_TARGET = 6.0;
				PRODUCT_NAME = "$(TARGET_NAME)";
				WRAPPER_EXTENSION = app;
			};
			name = Release;
		};
		2CA21E4E19EF59F300C160CC /* Debug */ = {
			isa = XCBuildConfiguration;
			buildSettings = {
				BUNDLE_LOADER = "$(BUILT_PRODUCTS_DIR)/Practica2.app/Practica2";
				FRAMEWORK_SEARCH_PATHS = (
					"$(SDKROOT)/Developer/Library/Frameworks",
					"$(inherited)",
					"$(DEVELOPER_FRAMEWORKS_DIR)",
				);
				GCC_PRECOMPILE_PREFIX_HEADER = YES;
				GCC_PREFIX_HEADER = "Practica2/Practica2-Prefix.pch";
				GCC_PREPROCESSOR_DEFINITIONS = (
					"DEBUG=1",
					"$(inherited)",
				);
				INFOPLIST_FILE = "Practica2Tests/Practica2Tests-Info.plist";
				PRODUCT_NAME = "$(TARGET_NAME)";
				TEST_HOST = "$(BUNDLE_LOADER)";
				WRAPPER_EXTENSION = xctest;
			};
			name = Debug;
		};
		2CA21E4F19EF59F300C160CC /* Release */ = {
			isa = XCBuildConfiguration;
			buildSettings = {
				BUNDLE_LOADER = "$(BUILT_PRODUCTS_DIR)/Practica2.app/Practica2";
				FRAMEWORK_SEARCH_PATHS = (
					"$(SDKROOT)/Developer/Library/Frameworks",
					"$(inherited)",
					"$(DEVELOPER_FRAMEWORKS_DIR)",
				);
				GCC_PRECOMPILE_PREFIX_HEADER = YES;
				GCC_PREFIX_HEADER = "Practica2/Practica2-Prefix.pch";
				INFOPLIST_FILE = "Practica2Tests/Practica2Tests-Info.plist";
				PRODUCT_NAME = "$(TARGET_NAME)";
				TEST_HOST = "$(BUNDLE_LOADER)";
				WRAPPER_EXTENSION = xctest;
			};
			name = Release;
		};
/* End XCBuildConfiguration section */

/* Begin XCConfigurationList section */
		2CA21E1319EF59F200C160CC /* Build configuration list for PBXProject "Practica2" */ = {
			isa = XCConfigurationList;
			buildConfigurations = (
				2CA21E4819EF59F300C160CC /* Debug */,
				2CA21E4919EF59F300C160CC /* Release */,
			);
			defaultConfigurationIsVisible = 0;
			defaultConfigurationName = Release;
		};
		2CA21E4A19EF59F300C160CC /* Build configuration list for PBXNativeTarget "Practica2" */ = {
			isa = XCConfigurationList;
			buildConfigurations = (
				2CA21E4B19EF59F300C160CC /* Debug */,
				2CA21E4C19EF59F300C160CC /* Release */,
			);
			defaultConfigurationIsVisible = 0;
			defaultConfigurationName = Release;
		};
		2CA21E4D19EF59F300C160CC /* Build configuration list for PBXNativeTarget "Practica2Tests" */ = {
			isa = XCConfigurationList;
			buildConfigurations = (
				2CA21E4E19EF59F300C160CC /* Debug */,
				2CA21E4F19EF59F300C160CC /* Release */,
			);
			defaultConfigurationIsVisible = 0;
			defaultConfigurationName = Release;
		};
/* End XCConfigurationList section */
	};
	rootObject = 2CA21E1019EF59F200C160CC /* Project object */;
}
